
Microsoft Visual Studio Solution File, Format Version 12.00
# Visual Studio Version 17
VisualStudioVersion = 17.2.32526.322
MinimumVisualStudioVersion = 10.0.40219.1
Project("{9A19103F-16F7-4668-BE54-9A1E7A4F7556}") = "Test2", "Test2.csproj", "{2D580E55-3B1B-41FE-A69B-DD9301031E16}"
EndProject
Global
	GlobalSection(SolutionConfigurationPlatforms) = preSolution
		Debug|Any CPU = Debug|Any CPU
		Debug|ARM = Debug|ARM
		Debug|ARM64 = Debug|ARM64
		Debug|x64 = Debug|x64
		Debug|x86 = Debug|x86
		Release|Any CPU = Release|Any CPU
		Release|ARM = Release|ARM
		Release|ARM64 = Release|ARM64
		Release|x64 = Release|x64
		Release|x86 = Release|x86
	EndGlobalSection
	GlobalSection(ProjectConfigurationPlatforms) = postSolution
		{2D580E55-3B1B-41FE-A69B-DD9301031E16}.Debug|Any CPU.ActiveCfg = Debug|Any CPU
		{2D580E55-3B1B-41FE-A69B-DD9301031E16}.Debug|Any CPU.Build.0 = Debug|Any CPU
		{2D580E55-3B1B-41FE-A69B-DD9301031E16}.Debug|ARM.ActiveCfg = Debug|Any CPU
		{2D580E55-3B1B-41FE-A69B-DD9301031E16}.Debug|ARM.Build.0 = Debug|Any CPU
		{2D580E55-3B1B-41FE-A69B-DD9301031E16}.Debug|ARM64.ActiveCfg = Debug|Any CPU
		{2D580E55-3B1B-41FE-A69B-DD9301031E16}.Debug|ARM64.Build.0 = Debug|Any CPU
		{2D580E55-3B1B-41FE-A69B-DD9301031E16}.Debug|x64.ActiveCfg = Debug|Any CPU
		{2D580E55-3B1B-41FE-A69B-DD9301031E16}.Debug|x64.Build.0 = Debug|Any CPU
		{2D580E55-3B1B-41FE-A69B-DD9301031E16}.Debug|x86.ActiveCfg = Debug|Any CPU
		{2D580E55-3B1B-41FE-A69B-DD9301031E16}.Debug|x86.Build.0 = Debug|Any CPU
		{2D580E55-3B1B-41FE-A69B-DD9301031E16}.Release|Any CPU.ActiveCfg = Release|Any CPU
		{2D580E55-3B1B-41FE-A69B-DD9301031E16}.Release|Any CPU.Build.0 = Release|Any CPU
		{2D580E55-3B1B-41FE-A69B-DD9301031E16}.Release|ARM.ActiveCfg = Release|Any CPU
		{2D580E55-3B1B-41FE-A69B-DD9301031E16}.Release|ARM.Build.0 = Release|Any CPU
		{2D580E55-3B1B-41FE-A69B-DD9301031E16}.Release|ARM64.ActiveCfg = Release|Any CPU
		{2D580E55-3B1B-41FE-A69B-DD9301031E16}.Release|ARM64.Build.0 = Release|Any CPU
		{2D580E55-3B1B-41FE-A69B-DD9301031E16}.Release|x64.ActiveCfg = Release|Any CPU
		{2D580E55-3B1B-41FE-A69B-DD9301031E16}.Release|x64.Build.0 = Release|Any CPU
		{2D580E55-3B1B-41FE-A69B-DD9301031E16}.Release|x86.ActiveCfg = Release|Any CPU
		{2D580E55-3B1B-41FE-A69B-DD9301031E16}.Release|x86.Build.0 = Release|Any CPU
	EndGlobalSection
	GlobalSection(SolutionProperties) = preSolution
		HideSolutionNode = FALSE
	EndGlobalSection
	GlobalSection(ExtensibilityGlobals) = postSolution
		SolutionGuid = {E92B498E-9AE9-479B-9D3F-B3030DB219E8}
	EndGlobalSection
EndGlobal
